
Microsoft Visual Studio Solution File, Format Version 12.00
# Visual Studio Version 17
VisualStudioVersion = 17.8.34322.80
MinimumVisualStudioVersion = 10.0.40219.1
Project("{9A19103F-16F7-4668-BE54-9A1E7A4F7556}") = "construcaoAPI_INF12.Api", "construcaoAPI_INF12.Api.csproj", "{F5FFBF96-CC70-430F-B75A-549CAF6F7660}"
EndProject
Global
	GlobalSection(SolutionConfigurationPlatforms) = preSolution
		Debug|Any CPU = Debug|Any CPU
		Release|Any CPU = Release|Any CPU
	EndGlobalSection
	GlobalSection(ProjectConfigurationPlatforms) = postSolution
		{F5FFBF96-CC70-430F-B75A-549CAF6F7660}.Debug|Any CPU.ActiveCfg = Debug|Any CPU
		{F5FFBF96-CC70-430F-B75A-549CAF6F7660}.Debug|Any CPU.Build.0 = Debug|Any CPU
		{F5FFBF96-CC70-430F-B75A-549CAF6F7660}.Release|Any CPU.ActiveCfg = Release|Any CPU
		{F5FFBF96-CC70-430F-B75A-549CAF6F7660}.Release|Any CPU.Build.0 = Release|Any CPU
	EndGlobalSection
	GlobalSection(SolutionProperties) = preSolution
		HideSolutionNode = FALSE
	EndGlobalSection
	GlobalSection(ExtensibilityGlobals) = postSolution
		SolutionGuid = {63E5FB9E-6297-490A-A62E-2A47055876AD}
	EndGlobalSection
EndGlobal
